// !$*UTF8*$!
{
	archiveVersion = 1;
	classes = {
	};
	objectVersion = 46;
	objects = {

/* Begin PBXBuildFile section */
		2D6A28631E336D3F7691C6B9 /* libPods-FrameworkTest.a in Frameworks */ = {isa = PBXBuildFile; fileRef = AE3C51CBA2183F4162D18E5C /* libPods-FrameworkTest.a */; };
		523DD7991D8C0666002A4135 /* FrameworkTest.h in Headers */ = {isa = PBXBuildFile; fileRef = 523DD7971D8C0666002A4135 /* FrameworkTest.h */; settings = {ATTRIBUTES = (Public, ); }; };
		52E56EAA1D8C09C8008506FA /* Dummy.h in Headers */ = {isa = PBXBuildFile; fileRef = 52E56EA81D8C09C8008506FA /* Dummy.h */; };
		52E56EAB1D8C09C8008506FA /* Dummy.m in Sources */ = {isa = PBXBuildFile; fileRef = 52E56EA91D8C09C8008506FA /* Dummy.m */; };
/* End PBXBuildFile section */

/* Begin PBXFileReference section */
		1FC01D51183912390B323FC0 /* Pods-FrameworkTest.debug.xcconfig */ = {isa = PBXFileReference; includeInIndex = 1; lastKnownFileType = text.xcconfig; name = "Pods-FrameworkTest.debug.xcconfig"; path = "Pods/Target Support Files/Pods-FrameworkTest/Pods-FrameworkTest.debug.xcconfig"; sourceTree = "<group>"; };
		523DD7941D8C0666002A4135 /* FrameworkTest.framework */ = {isa = PBXFileReference; explicitFileType = wrapper.framework; includeInIndex = 0; path = FrameworkTest.framework; sourceTree = BUILT_PRODUCTS_DIR; };
		523DD7971D8C0666002A4135 /* FrameworkTest.h */ = {isa = PBXFileReference; lastKnownFileType = sourcecode.c.h; path = FrameworkTest.h; sourceTree = "<group>"; };
		523DD7981D8C0666002A4135 /* Info.plist */ = {isa = PBXFileReference; lastKnownFileType = text.plist.xml; path = Info.plist; sourceTree = "<group>"; };
		52E56EA81D8C09C8008506FA /* Dummy.h */ = {isa = PBXFileReference; fileEncoding = 4; lastKnownFileType = sourcecode.c.h; path = Dummy.h; sourceTree = "<group>"; };
		52E56EA91D8C09C8008506FA /* Dummy.m */ = {isa = PBXFileReference; fileEncoding = 4; lastKnownFileType = sourcecode.c.objc; path = Dummy.m; sourceTree = "<group>"; };
		6FF3A391DE7F8FE73E8A88BA /* Pods-FrameworkTest.release.xcconfig */ = {isa = PBXFileReference; includeInIndex = 1; lastKnownFileType = text.xcconfig; name = "Pods-FrameworkTest.release.xcconfig"; path = "Pods/Target Support Files/Pods-FrameworkTest/Pods-FrameworkTest.release.xcconfig"; sourceTree = "<group>"; };
		AE3C51CBA2183F4162D18E5C /* libPods-FrameworkTest.a */ = {isa = PBXFileReference; explicitFileType = archive.ar; includeInIndex = 0; path = "libPods-FrameworkTest.a"; sourceTree = BUILT_PRODUCTS_DIR; };
/* End PBXFileReference section */

/* Begin PBXFrameworksBuildPhase section */
		523DD7901D8C0666002A4135 /* Frameworks */ = {
			isa = PBXFrameworksBuildPhase;
			buildActionMask = 2147483647;
			files = (
				2D6A28631E336D3F7691C6B9 /* libPods-FrameworkTest.a in Frameworks */,
			);
			runOnlyForDeploymentPostprocessing = 0;
		};
/* End PBXFrameworksBuildPhase section */

/* Begin PBXGroup section */
		523DD78A1D8C0666002A4135 = {
			isa = PBXGroup;
			children = (
				523DD7961D8C0666002A4135 /* FrameworkTest */,
				523DD7951D8C0666002A4135 /* Products */,
				F6ACAD099EBE4AECE34DF6F7 /* Pods */,
				EA354F1BD639E23DCD8A6BC0 /* Frameworks */,
			);
			sourceTree = "<group>";
		};
		523DD7951D8C0666002A4135 /* Products */ = {
			isa = PBXGroup;
			children = (
				523DD7941D8C0666002A4135 /* FrameworkTest.framework */,
			);
			name = Products;
			sourceTree = "<group>";
		};
		523DD7961D8C0666002A4135 /* FrameworkTest */ = {
			isa = PBXGroup;
			children = (
				52E56EA71D8C09C8008506FA /* Classes */,
				523DD7971D8C0666002A4135 /* FrameworkTest.h */,
				523DD7981D8C0666002A4135 /* Info.plist */,
			);
			path = FrameworkTest;
			sourceTree = "<group>";
		};
		52E56EA71D8C09C8008506FA /* Classes */ = {
			isa = PBXGroup;
			children = (
				52E56EA81D8C09C8008506FA /* Dummy.h */,
				52E56EA91D8C09C8008506FA /* Dummy.m */,
			);
			path = Classes;
			sourceTree = SOURCE_ROOT;
		};
		EA354F1BD639E23DCD8A6BC0 /* Frameworks */ = {
			isa = PBXGroup;
			children = (
				AE3C51CBA2183F4162D18E5C /* libPods-FrameworkTest.a */,
			);
			name = Frameworks;
			sourceTree = "<group>";
		};
		F6ACAD099EBE4AECE34DF6F7 /* Pods */ = {
			isa = PBXGroup;
			children = (
				1FC01D51183912390B323FC0 /* Pods-FrameworkTest.debug.xcconfig */,
				6FF3A391DE7F8FE73E8A88BA /* Pods-FrameworkTest.release.xcconfig */,
			);
			name = Pods;
			sourceTree = "<group>";
		};
/* End PBXGroup section */

/* Begin PBXHeadersBuildPhase section */
		523DD7911D8C0666002A4135 /* Headers */ = {
			isa = PBXHeadersBuildPhase;
			buildActionMask = 2147483647;
			files = (
				523DD7991D8C0666002A4135 /* FrameworkTest.h in Headers */,
				52E56EAA1D8C09C8008506FA /* Dummy.h in Headers */,
			);
			runOnlyForDeploymentPostprocessing = 0;
		};
/* End PBXHeadersBuildPhase section */

/* Begin PBXNativeTarget section */
		523DD7931D8C0666002A4135 /* FrameworkTest */ = {
			isa = PBXNativeTarget;
			buildConfigurationList = 523DD79C1D8C0666002A4135 /* Build configuration list for PBXNativeTarget "FrameworkTest" */;
			buildPhases = (
				7A3875CBFFD4FC855BCAC976 /* [CP] Check Pods Manifest.lock */,
				523DD78F1D8C0666002A4135 /* Sources */,
				523DD7901D8C0666002A4135 /* Frameworks */,
				523DD7911D8C0666002A4135 /* Headers */,
				523DD7921D8C0666002A4135 /* Resources */,
				9A2A7B022EE9AF94698A4EC1 /* [CP] Copy Pods Resources */,
			);
			buildRules = (
			);
			dependencies = (
			);
			name = FrameworkTest;
			productName = FrameworkTest;
			productReference = 523DD7941D8C0666002A4135 /* FrameworkTest.framework */;
			productType = "com.apple.product-type.framework";
		};
/* End PBXNativeTarget section */

/* Begin PBXProject section */
		523DD78B1D8C0666002A4135 /* Project object */ = {
			isa = PBXProject;
			attributes = {
				LastUpgradeCheck = 0800;
				ORGANIZATIONNAME = Paolo;
				TargetAttributes = {
					523DD7931D8C0666002A4135 = {
						CreatedOnToolsVersion = 8.0;
						DevelopmentTeam = SJA4BK3YB8;
						ProvisioningStyle = Automatic;
					};
				};
			};
			buildConfigurationList = 523DD78E1D8C0666002A4135 /* Build configuration list for PBXProject "FrameworkTest" */;
			compatibilityVersion = "Xcode 3.2";
			developmentRegion = English;
			hasScannedForEncodings = 0;
			knownRegions = (
				en,
			);
			mainGroup = 523DD78A1D8C0666002A4135;
			productRefGroup = 523DD7951D8C0666002A4135 /* Products */;
			projectDirPath = "";
			projectRoot = "";
			targets = (
				523DD7931D8C0666002A4135 /* FrameworkTest */,
			);
		};
/* End PBXProject section */

/* Begin PBXResourcesBuildPhase section */
		523DD7921D8C0666002A4135 /* Resources */ = {
			isa = PBXResourcesBuildPhase;
			buildActionMask = 2147483647;
			files = (
			);
			runOnlyForDeploymentPostprocessing = 0;
		};
/* End PBXResourcesBuildPhase section */

/* Begin PBXShellScriptBuildPhase section */
		7A3875CBFFD4FC855BCAC976 /* [CP] Check Pods Manifest.lock */ = {
			isa = PBXShellScriptBuildPhase;
			buildActionMask = 2147483647;
			files = (
			);
			inputPaths = (
			);
			name = "[CP] Check Pods Manifest.lock";
			outputPaths = (
			);
			runOnlyForDeploymentPostprocessing = 0;
			shellPath = /bin/sh;
			shellScript = "diff \"${PODS_ROOT}/../Podfile.lock\" \"${PODS_ROOT}/Manifest.lock\" > /dev/null\nif [ $? != 0 ] ; then\n    # print error to STDERR\n    echo \"error: The sandbox is not in sync with the Podfile.lock. Run 'pod install' or update your CocoaPods installation.\" >&2\n    exit 1\nfi\n";
			showEnvVarsInLog = 0;
		};
		9A2A7B022EE9AF94698A4EC1 /* [CP] Copy Pods Resources */ = {
			isa = PBXShellScriptBuildPhase;
			buildActionMask = 2147483647;
			files = (
			);
			inputPaths = (
			);
			name = "[CP] Copy Pods Resources";
			outputPaths = (
			);
			runOnlyForDeploymentPostprocessing = 0;
			shellPath = /bin/sh;
			shellScript = "\"${SRCROOT}/Pods/Target Support Files/Pods-FrameworkTest/Pods-FrameworkTest-resources.sh\"\n";
			showEnvVarsInLog = 0;
		};
/* End PBXShellScriptBuildPhase section */

/* Begin PBXSourcesBuildPhase section */
		523DD78F1D8C0666002A4135 /* Sources */ = {
			isa = PBXSourcesBuildPhase;
			buildActionMask = 2147483647;
			files = (
				52E56EAB1D8C09C8008506FA /* Dummy.m in Sources */,
			);
			runOnlyForDeploymentPostprocessing = 0;
		};
/* End PBXSourcesBuildPhase section */

/* Begin XCBuildConfiguration section */
		523DD79A1D8C0666002A4135 /* Debug */ = {
			isa = XCBuildConfiguration;
			buildSettings = {
				ALWAYS_SEARCH_USER_PATHS = NO;
				CLANG_ANALYZER_NONNULL = YES;
				CLANG_CXX_LANGUAGE_STANDARD = "gnu++0x";
				CLANG_CXX_LIBRARY = "libc++";
				CLANG_ENABLE_MODULES = YES;
				CLANG_ENABLE_OBJC_ARC = YES;
				CLANG_WARN_BOOL_CONVERSION = YES;
				CLANG_WARN_CONSTANT_CONVERSION = YES;
				CLANG_WARN_DIRECT_OBJC_ISA_USAGE = YES_ERROR;
				CLANG_WARN_DOCUMENTATION_COMMENTS = YES;
				CLANG_WARN_EMPTY_BODY = YES;
				CLANG_WARN_ENUM_CONVERSION = YES;
				CLANG_WARN_INFINITE_RECURSION = YES;
				CLANG_WARN_INT_CONVERSION = YES;
				CLANG_WARN_OBJC_ROOT_CLASS = YES_ERROR;
				CLANG_WARN_SUSPICIOUS_MOVES = YES;
				CLANG_WARN_UNREACHABLE_CODE = YES;
				CLANG_WARN__DUPLICATE_METHOD_MATCH = YES;
				"CODE_SIGN_IDENTITY[sdk=iphoneos*]" = "iPhone Developer";
				COPY_PHASE_STRIP = NO;
				CURRENT_PROJECT_VERSION = 1;
				DEBUG_INFORMATION_FORMAT = dwarf;
				ENABLE_STRICT_OBJC_MSGSEND = YES;
				ENABLE_TESTABILITY = YES;
				GCC_C_LANGUAGE_STANDARD = gnu99;
				GCC_DYNAMIC_NO_PIC = NO;
				GCC_NO_COMMON_BLOCKS = YES;
				GCC_OPTIMIZATION_LEVEL = 0;
				GCC_PREPROCESSOR_DEFINITIONS = (
					"DEBUG=1",
					"$(inherited)",
				);
				GCC_WARN_64_TO_32_BIT_CONVERSION = YES;
				GCC_WARN_ABOUT_RETURN_TYPE = YES_ERROR;
				GCC_WARN_UNDECLARED_SELECTOR = YES;
				GCC_WARN_UNINITIALIZED_AUTOS = YES_AGGRESSIVE;
				GCC_WARN_UNUSED_FUNCTION = YES;
				GCC_WARN_UNUSED_VARIABLE = YES;
				IPHONEOS_DEPLOYMENT_TARGET = 10.0;
				MTL_ENABLE_DEBUG_INFO = YES;
				ONLY_ACTIVE_ARCH = YES;
				SDKROOT = iphoneos;
				TARGETED_DEVICE_FAMILY = "1,2";
				VERSIONING_SYSTEM = "apple-generic";
				VERSION_INFO_PREFIX = "";
			};
			name = Debug;
		};
		523DD79B1D8C0666002A4135 /* Release */ = {
			isa = XCBuildConfiguration;
			buildSettings = {
				ALWAYS_SEARCH_USER_PATHS = NO;
				CLANG_ANALYZER_NONNULL = YES;
				CLANG_CXX_LANGUAGE_STANDARD = "gnu++0x";
				CLANG_CXX_LIBRARY = "libc++";
				CLANG_ENABLE_MODULES = YES;
				CLANG_ENABLE_OBJC_ARC = YES;
				CLANG_WARN_BOOL_CONVERSION = YES;
				CLANG_WARN_CONSTANT_CONVERSION = YES;
				CLANG_WARN_DIRECT_OBJC_ISA_USAGE = YES_ERROR;
				CLANG_WARN_DOCUMENTATION_COMMENTS = YES;
				CLANG_WARN_EMPTY_BODY = YES;
				CLANG_WARN_ENUM_CONVERSION = YES;
				CLANG_WARN_INFINITE_RECURSION = YES;
				CLANG_WARN_INT_CONVERSION = YES;
				CLANG_WARN_OBJC_ROOT_CLASS = YES_ERROR;
				CLANG_WARN_SUSPICIOUS_MOVES = YES;
				CLANG_WARN_UNREACHABLE_CODE = YES;
				CLANG_WARN__DUPLICATE_METHOD_MATCH = YES;
				"CODE_SIGN_IDENTITY[sdk=iphoneos*]" = "iPhone Developer";
				COPY_PHASE_STRIP = NO;
				CURRENT_PROJECT_VERSION = 1;
				DEBUG_INFORMATION_FORMAT = "dwarf-with-dsym";
				ENABLE_NS_ASSERTIONS = NO;
				ENABLE_STRICT_OBJC_MSGSEND = YES;
				GCC_C_LANGUAGE_STANDARD = gnu99;
				GCC_NO_COMMON_BLOCKS = YES;
				GCC_WARN_64_TO_32_BIT_CONVERSION = YES;
				GCC_WARN_ABOUT_RETURN_TYPE = YES_ERROR;
				GCC_WARN_UNDECLARED_SELECTOR = YES;
				GCC_WARN_UNINITIALIZED_AUTOS = YES_AGGRESSIVE;
				GCC_WARN_UNUSED_FUNCTION = YES;
				GCC_WARN_UNUSED_VARIABLE = YES;
				IPHONEOS_DEPLOYMENT_TARGET = 10.0;
				MTL_ENABLE_DEBUG_INFO = NO;
				SDKROOT = iphoneos;
				TARGETED_DEVICE_FAMILY = "1,2";
				VALIDATE_PRODUCT = YES;
				VERSIONING_SYSTEM = "apple-generic";
				VERSION_INFO_PREFIX = "";
			};
			name = Release;
		};
		523DD79D1D8C0666002A4135 /* Debug */ = {
			isa = XCBuildConfiguration;
			baseConfigurationReference = 1FC01D51183912390B323FC0 /* Pods-FrameworkTest.debug.xcconfig */;
			buildSettings = {
				CODE_SIGN_IDENTITY = "";
				DEFINES_MODULE = YES;
				DEVELOPMENT_TEAM = SJA4BK3YB8;
				DYLIB_COMPATIBILITY_VERSION = 1;
				DYLIB_CURRENT_VERSION = 1;
				DYLIB_INSTALL_NAME_BASE = "@rpath";
				INFOPLIST_FILE = FrameworkTest/Info.plist;
				INSTALL_PATH = "$(LOCAL_LIBRARY_DIR)/Frameworks";
				LD_RUNPATH_SEARCH_PATHS = "$(inherited) @executable_path/Frameworks @loader_path/Frameworks";
				PRODUCT_BUNDLE_IDENTIFIER = co.uk.psm.FrameworkTest;
				PRODUCT_NAME = "$(TARGET_NAME)";
				SKIP_INSTALL = YES;
			};
			name = Debug;
		};
		523DD79E1D8C0666002A4135 /* Release */ = {
			isa = XCBuildConfiguration;
			baseConfigurationReference = 6FF3A391DE7F8FE73E8A88BA /* Pods-FrameworkTest.release.xcconfig */;
			buildSettings = {
				CODE_SIGN_IDENTITY = "";
				DEFINES_MODULE = YES;
				DEVELOPMENT_TEAM = SJA4BK3YB8;
				DYLIB_COMPATIBILITY_VERSION = 1;
				DYLIB_CURRENT_VERSION = 1;
				DYLIB_INSTALL_NAME_BASE = "@rpath";
				INFOPLIST_FILE = FrameworkTest/Info.plist;
				INSTALL_PATH = "$(LOCAL_LIBRARY_DIR)/Frameworks";
				LD_RUNPATH_SEARCH_PATHS = "$(inherited) @executable_path/Frameworks @loader_path/Frameworks";
				PRODUCT_BUNDLE_IDENTIFIER = co.uk.psm.FrameworkTest;
				PRODUCT_NAME = "$(TARGET_NAME)";
				SKIP_INSTALL = YES;
			};
			name = Release;
		};
/* End XCBuildConfiguration section */

/* Begin XCConfigurationList section */
		523DD78E1D8C0666002A4135 /* Build configuration list for PBXProject "FrameworkTest" */ = {
			isa = XCConfigurationList;
			buildConfigurations = (
				523DD79A1D8C0666002A4135 /* Debug */,
				523DD79B1D8C0666002A4135 /* Release */,
			);
			defaultConfigurationIsVisible = 0;
			defaultConfigurationName = Release;
		};
		523DD79C1D8C0666002A4135 /* Build configuration list for PBXNativeTarget "FrameworkTest" */ = {
			isa = XCConfigurationList;
			buildConfigurations = (
				523DD79D1D8C0666002A4135 /* Debug */,
				523DD79E1D8C0666002A4135 /* Release */,
			);
			defaultConfigurationIsVisible = 0;
			defaultConfigurationName = Release;
		};
/* End XCConfigurationList section */
	};
	rootObject = 523DD78B1D8C0666002A4135 /* Project object */;
}
